
Microsoft Visual Studio Solution File, Format Version 12.00
# Visual Studio Version 17
VisualStudioVersion = 17.6.33723.286
MinimumVisualStudioVersion = 10.0.40219.1
Project("{FAE04EC0-301F-11D3-BF4B-00C04F79EFBC}") = "yüzde bülma", "yüzde bülma\yüzde bülma.csproj", "{B9B77FAD-BD5B-46F6-B717-5DD6CBF13823}"
EndProject
Global
	GlobalSection(SolutionConfigurationPlatforms) = preSolution
		Debug|Any CPU = Debug|Any CPU
		Release|Any CPU = Release|Any CPU
	EndGlobalSection
	GlobalSection(ProjectConfigurationPlatforms) = postSolution
		{B9B77FAD-BD5B-46F6-B717-5DD6CBF13823}.Debug|Any CPU.ActiveCfg = Debug|Any CPU
		{B9B77FAD-BD5B-46F6-B717-5DD6CBF13823}.Debug|Any CPU.Build.0 = Debug|Any CPU
		{B9B77FAD-BD5B-46F6-B717-5DD6CBF13823}.Release|Any CPU.ActiveCfg = Release|Any CPU
		{B9B77FAD-BD5B-46F6-B717-5DD6CBF13823}.Release|Any CPU.Build.0 = Release|Any CPU
	EndGlobalSection
	GlobalSection(SolutionProperties) = preSolution
		HideSolutionNode = FALSE
	EndGlobalSection
	GlobalSection(ExtensibilityGlobals) = postSolution
		SolutionGuid = {0E80DCA4-5139-4DA4-B3E0-F4E88F72F4DC}
	EndGlobalSection
EndGlobal
